<?xml version="1.0" encoding="utf-8"?>
<Project ToolsVersion="4.0" xmlns="http://schemas.microsoft.com/developer/msbuild/2003">
  <ItemGroup>
    <Filter Include="源文件">
      <UniqueIdentifier>{4FC737F1-C7A5-4376-A066-2A32D752A2FF}</UniqueIdentifier>
      <Extensions>cpp;c;cc;cxx;c++;cppm;ixx;def;odl;idl;hpj;bat;asm;asmx</Extensions>
    </Filter>
    <Filter Include="头文件">
      <UniqueIdentifier>{93995380-89BD-4b04-88EB-625FBE52EBFB}</UniqueIdentifier>
      <Extensions>h;hh;hpp;hxx;h++;hm;inl;inc;ipp;xsd</Extensions>
    </Filter>
    <Filter Include="cstl">
      <UniqueIdentifier>{1ec5b555-ac83-4941-a7b4-fb84411492ac}</UniqueIdentifier>
    </Filter>
    <Filter Include="cstl\src">
      <UniqueIdentifier>{6f9837d5-376c-44d7-9394-b50d76f30a37}</UniqueIdentifier>
    </Filter>
    <Filter Include="cstl\inc">
      <UniqueIdentifier>{40a92f10-b804-48ab-8b69-d3e9ad0e8f96}</UniqueIdentifier>
    </Filter>
  </ItemGroup>
  <ItemGroup>
    <ClCompile Include="lapi.c">
      <Filter>源文件</Filter>
    </ClCompile>
    <ClCompile Include="lauxlib.c">
      <Filter>源文件</Filter>
    </ClCompile>
    <ClCompile Include="lbaselib.c">
      <Filter>源文件</Filter>
    </ClCompile>
    <ClCompile Include="lcode.c">
      <Filter>源文件</Filter>
    </ClCompile>
    <ClCompile Include="lcorolib.c">
      <Filter>源文件</Filter>
    </ClCompile>
    <ClCompile Include="lctype.c">
      <Filter>源文件</Filter>
    </ClCompile>
    <ClCompile Include="ldblib.c">
      <Filter>源文件</Filter>
    </ClCompile>
    <ClCompile Include="ldebug.c">
      <Filter>源文件</Filter>
    </ClCompile>
    <ClCompile Include="ldo.c">
      <Filter>源文件</Filter>
    </ClCompile>
    <ClCompile Include="ldump.c">
      <Filter>源文件</Filter>
    </ClCompile>
    <ClCompile Include="lfunc.c">
      <Filter>源文件</Filter>
    </ClCompile>
    <ClCompile Include="lgc.c">
      <Filter>源文件</Filter>
    </ClCompile>
    <ClCompile Include="linit.c">
      <Filter>源文件</Filter>
    </ClCompile>
    <ClCompile Include="liolib.c">
      <Filter>源文件</Filter>
    </ClCompile>
    <ClCompile Include="llex.c">
      <Filter>源文件</Filter>
    </ClCompile>
    <ClCompile Include="lmathlib.c">
      <Filter>源文件</Filter>
    </ClCompile>
    <ClCompile Include="lmem.c">
      <Filter>源文件</Filter>
    </ClCompile>
    <ClCompile Include="loadlib.c">
      <Filter>源文件</Filter>
    </ClCompile>
    <ClCompile Include="lobject.c">
      <Filter>源文件</Filter>
    </ClCompile>
    <ClCompile Include="lopcodes.c">
      <Filter>源文件</Filter>
    </ClCompile>
    <ClCompile Include="loslib.c">
      <Filter>源文件</Filter>
    </ClCompile>
    <ClCompile Include="lparser.c">
      <Filter>源文件</Filter>
    </ClCompile>
    <ClCompile Include="lstate.c">
      <Filter>源文件</Filter>
    </ClCompile>
    <ClCompile Include="lstring.c">
      <Filter>源文件</Filter>
    </ClCompile>
    <ClCompile Include="lstrlib.c">
      <Filter>源文件</Filter>
    </ClCompile>
    <ClCompile Include="ltable.c">
      <Filter>源文件</Filter>
    </ClCompile>
    <ClCompile Include="ltablib.c">
      <Filter>源文件</Filter>
    </ClCompile>
    <ClCompile Include="ltm.c">
      <Filter>源文件</Filter>
    </ClCompile>
    <ClCompile Include="lua.c">
      <Filter>源文件</Filter>
    </ClCompile>
    <ClCompile Include="lundump.c">
      <Filter>源文件</Filter>
    </ClCompile>
    <ClCompile Include="lutf8lib.c">
      <Filter>源文件</Filter>
    </ClCompile>
    <ClCompile Include="lvm.c">
      <Filter>源文件</Filter>
    </ClCompile>
    <ClCompile Include="luac.c">
      <Filter>源文件</Filter>
    </ClCompile>
    <ClCompile Include="entry.c">
      <Filter>源文件</Filter>
    </ClCompile>
    <ClCompile Include="cstl\src\c_algorithms.c">
      <Filter>cstl\src</Filter>
    </ClCompile>
    <ClCompile Include="cstl\src\c_array.c">
      <Filter>cstl\src</Filter>
    </ClCompile>
    <ClCompile Include="cstl\src\c_deque.c">
      <Filter>cstl\src</Filter>
    </ClCompile>
    <ClCompile Include="cstl\src\c_list.c">
      <Filter>cstl\src</Filter>
    </ClCompile>
    <ClCompile Include="cstl\src\c_map.c">
      <Filter>cstl\src</Filter>
    </ClCompile>
    <ClCompile Include="cstl\src\c_rb.c">
      <Filter>cstl\src</Filter>
    </ClCompile>
    <ClCompile Include="cstl\src\c_set.c">
      <Filter>cstl\src</Filter>
    </ClCompile>
    <ClCompile Include="cstl\src\c_util.c">
      <Filter>cstl\src</Filter>
    </ClCompile>
    <ClCompile Include="lref.c">
      <Filter>源文件</Filter>
    </ClCompile>
    <ClCompile Include="lzio.c">
      <Filter>源文件</Filter>
    </ClCompile>
  </ItemGroup>
  <ItemGroup>
    <ClInclude Include="lapi.h">
      <Filter>头文件</Filter>
    </ClInclude>
    <ClInclude Include="lauxlib.h">
      <Filter>头文件</Filter>
    </ClInclude>
    <ClInclude Include="lcode.h">
      <Filter>头文件</Filter>
    </ClInclude>
    <ClInclude Include="lctype.h">
      <Filter>头文件</Filter>
    </ClInclude>
    <ClInclude Include="ldebug.h">
      <Filter>头文件</Filter>
    </ClInclude>
    <ClInclude Include="ldo.h">
      <Filter>头文件</Filter>
    </ClInclude>
    <ClInclude Include="lfunc.h">
      <Filter>头文件</Filter>
    </ClInclude>
    <ClInclude Include="lgc.h">
      <Filter>头文件</Filter>
    </ClInclude>
    <ClInclude Include="ljumptab.h">
      <Filter>头文件</Filter>
    </ClInclude>
    <ClInclude Include="llex.h">
      <Filter>头文件</Filter>
    </ClInclude>
    <ClInclude Include="llimits.h">
      <Filter>头文件</Filter>
    </ClInclude>
    <ClInclude Include="lmem.h">
      <Filter>头文件</Filter>
    </ClInclude>
    <ClInclude Include="lobject.h">
      <Filter>头文件</Filter>
    </ClInclude>
    <ClInclude Include="lopcodes.h">
      <Filter>头文件</Filter>
    </ClInclude>
    <ClInclude Include="lopnames.h">
      <Filter>头文件</Filter>
    </ClInclude>
    <ClInclude Include="lparser.h">
      <Filter>头文件</Filter>
    </ClInclude>
    <ClInclude Include="lprefix.h">
      <Filter>头文件</Filter>
    </ClInclude>
    <ClInclude Include="lstate.h">
      <Filter>头文件</Filter>
    </ClInclude>
    <ClInclude Include="lstring.h">
      <Filter>头文件</Filter>
    </ClInclude>
    <ClInclude Include="ltable.h">
      <Filter>头文件</Filter>
    </ClInclude>
    <ClInclude Include="ltm.h">
      <Filter>头文件</Filter>
    </ClInclude>
    <ClInclude Include="lua.h">
      <Filter>头文件</Filter>
    </ClInclude>
    <ClInclude Include="lua.hpp">
      <Filter>头文件</Filter>
    </ClInclude>
    <ClInclude Include="luaconf.h">
      <Filter>头文件</Filter>
    </ClInclude>
    <ClInclude Include="lualib.h">
      <Filter>头文件</Filter>
    </ClInclude>
    <ClInclude Include="lundump.h">
      <Filter>头文件</Filter>
    </ClInclude>
    <ClInclude Include="lvm.h">
      <Filter>头文件</Filter>
    </ClInclude>
    <ClInclude Include="lzio.h">
      <Filter>头文件</Filter>
    </ClInclude>
    <ClInclude Include="cstl\inc\c_algorithms.h">
      <Filter>cstl\inc</Filter>
    </ClInclude>
    <ClInclude Include="cstl\inc\c_array.h">
      <Filter>cstl\inc</Filter>
    </ClInclude>
    <ClInclude Include="cstl\inc\c_deque.h">
      <Filter>cstl\inc</Filter>
    </ClInclude>
    <ClInclude Include="cstl\inc\c_errors.h">
      <Filter>cstl\inc</Filter>
    </ClInclude>
    <ClInclude Include="cstl\inc\c_iterator.h">
      <Filter>cstl\inc</Filter>
    </ClInclude>
    <ClInclude Include="cstl\inc\c_lib.h">
      <Filter>cstl\inc</Filter>
    </ClInclude>
    <ClInclude Include="cstl\inc\c_list.h">
      <Filter>cstl\inc</Filter>
    </ClInclude>
    <ClInclude Include="cstl\inc\c_map.h">
      <Filter>cstl\inc</Filter>
    </ClInclude>
    <ClInclude Include="cstl\inc\c_rb.h">
      <Filter>cstl\inc</Filter>
    </ClInclude>
    <ClInclude Include="cstl\inc\c_set.h">
      <Filter>cstl\inc</Filter>
    </ClInclude>
  </ItemGroup>
  <ItemGroup>
    <None Include="Makefile" />
  </ItemGroup>
</Project>